
Microsoft Visual Studio Solution File, Format Version 12.00
# Visual Studio 14
VisualStudioVersion = 14.0.23107.0
MinimumVisualStudioVersion = 10.0.40219.1
Project("{FAE04EC0-301F-11D3-BF4B-00C04F79EFBC}") = "UI", "UI\UI.csproj", "{10FE749E-BA0D-4C6D-8EB9-DD9DAE298EA9}"
EndProject
Project("{FAE04EC0-301F-11D3-BF4B-00C04F79EFBC}") = "BLL", "BLL\BLL.csproj", "{9430F353-4280-4E2C-B8A6-A66D9816E920}"
EndProject
Project("{FAE04EC0-301F-11D3-BF4B-00C04F79EFBC}") = "DAO", "DAO\DAO.csproj", "{BB3D04F0-F0F6-411B-B093-5874F6D16BC1}"
EndProject
Project("{FAE04EC0-301F-11D3-BF4B-00C04F79EFBC}") = "IOC", "IOC\IOC.csproj", "{6C0CA3C9-DE0D-414B-9D8C-FB80D49A1B23}"
EndProject
Project("{FAE04EC0-301F-11D3-BF4B-00C04F79EFBC}") = "IDao", "IDao\IDao.csproj", "{35585A32-CCED-42BA-B56C-AB58EBCEE424}"
EndProject
Project("{FAE04EC0-301F-11D3-BF4B-00C04F79EFBC}") = "IBll", "IBll\IBll.csproj", "{81DE6D79-1239-4C8E-8179-C004957FDBB8}"
EndProject
Project("{FAE04EC0-301F-11D3-BF4B-00C04F79EFBC}") = "Model", "Model\Model.csproj", "{1C4AD98D-CE19-4F9C-8651-F6EB25F74A13}"
EndProject
Global
	GlobalSection(SolutionConfigurationPlatforms) = preSolution
		Debug|Any CPU = Debug|Any CPU
		Release|Any CPU = Release|Any CPU
	EndGlobalSection
	GlobalSection(ProjectConfigurationPlatforms) = postSolution
		{10FE749E-BA0D-4C6D-8EB9-DD9DAE298EA9}.Debug|Any CPU.ActiveCfg = Debug|Any CPU
		{10FE749E-BA0D-4C6D-8EB9-DD9DAE298EA9}.Debug|Any CPU.Build.0 = Debug|Any CPU
		{10FE749E-BA0D-4C6D-8EB9-DD9DAE298EA9}.Release|Any CPU.ActiveCfg = Release|Any CPU
		{10FE749E-BA0D-4C6D-8EB9-DD9DAE298EA9}.Release|Any CPU.Build.0 = Release|Any CPU
		{9430F353-4280-4E2C-B8A6-A66D9816E920}.Debug|Any CPU.ActiveCfg = Debug|Any CPU
		{9430F353-4280-4E2C-B8A6-A66D9816E920}.Debug|Any CPU.Build.0 = Debug|Any CPU
		{9430F353-4280-4E2C-B8A6-A66D9816E920}.Release|Any CPU.ActiveCfg = Release|Any CPU
		{9430F353-4280-4E2C-B8A6-A66D9816E920}.Release|Any CPU.Build.0 = Release|Any CPU
		{BB3D04F0-F0F6-411B-B093-5874F6D16BC1}.Debug|Any CPU.ActiveCfg = Debug|Any CPU
		{BB3D04F0-F0F6-411B-B093-5874F6D16BC1}.Debug|Any CPU.Build.0 = Debug|Any CPU
		{BB3D04F0-F0F6-411B-B093-5874F6D16BC1}.Release|Any CPU.ActiveCfg = Release|Any CPU
		{BB3D04F0-F0F6-411B-B093-5874F6D16BC1}.Release|Any CPU.Build.0 = Release|Any CPU
		{6C0CA3C9-DE0D-414B-9D8C-FB80D49A1B23}.Debug|Any CPU.ActiveCfg = Debug|Any CPU
		{6C0CA3C9-DE0D-414B-9D8C-FB80D49A1B23}.Debug|Any CPU.Build.0 = Debug|Any CPU
		{6C0CA3C9-DE0D-414B-9D8C-FB80D49A1B23}.Release|Any CPU.ActiveCfg = Release|Any CPU
		{6C0CA3C9-DE0D-414B-9D8C-FB80D49A1B23}.Release|Any CPU.Build.0 = Release|Any CPU
		{35585A32-CCED-42BA-B56C-AB58EBCEE424}.Debug|Any CPU.ActiveCfg = Debug|Any CPU
		{35585A32-CCED-42BA-B56C-AB58EBCEE424}.Debug|Any CPU.Build.0 = Debug|Any CPU
		{35585A32-CCED-42BA-B56C-AB58EBCEE424}.Release|Any CPU.ActiveCfg = Release|Any CPU
		{35585A32-CCED-42BA-B56C-AB58EBCEE424}.Release|Any CPU.Build.0 = Release|Any CPU
		{81DE6D79-1239-4C8E-8179-C004957FDBB8}.Debug|Any CPU.ActiveCfg = Debug|Any CPU
		{81DE6D79-1239-4C8E-8179-C004957FDBB8}.Debug|Any CPU.Build.0 = Debug|Any CPU
		{81DE6D79-1239-4C8E-8179-C004957FDBB8}.Release|Any CPU.ActiveCfg = Release|Any CPU
		{81DE6D79-1239-4C8E-8179-C004957FDBB8}.Release|Any CPU.Build.0 = Release|Any CPU
		{1C4AD98D-CE19-4F9C-8651-F6EB25F74A13}.Debug|Any CPU.ActiveCfg = Debug|Any CPU
		{1C4AD98D-CE19-4F9C-8651-F6EB25F74A13}.Debug|Any CPU.Build.0 = Debug|Any CPU
		{1C4AD98D-CE19-4F9C-8651-F6EB25F74A13}.Release|Any CPU.ActiveCfg = Release|Any CPU
		{1C4AD98D-CE19-4F9C-8651-F6EB25F74A13}.Release|Any CPU.Build.0 = Release|Any CPU
	EndGlobalSection
	GlobalSection(SolutionProperties) = preSolution
		HideSolutionNode = FALSE
	EndGlobalSection
EndGlobal
